{
  "originHash" : "644ac3c9c14ca946f56e3544e640817d6de4cc19f8dac722a5cd5b24865578f8",
  "pins" : [
    {
      "identity" : "bitmovin-analytics-collector-ios",
      "kind" : "remoteSourceControl",
      "location" : "https://github.com/bitmovin/bitmovin-analytics-collector-ios.git",
      "state" : {
        "revision" : "923da68514a3195a9053a1c5ce87296f86d78aca",
        "version" : "3.26.1"
      }
    },
    {
      "identity" : "ohhttpstubs",
      "kind" : "remoteSourceControl",
      "location" : "https://github.com/AliSoftware/OHHTTPStubs",
      "state" : {
        "revision" : "12f19662426d0434d6c330c6974d53e2eb10ecd9",
        "version" : "9.1.0"
      }
    },
    {
      "identity" : "player-ios",
      "kind" : "remoteSourceControl",
      "location" : "https://github.com/bitmovin/player-ios.git",
      "state" : {
        "revision" : "e0f05f37b06c4923cbc58c1501ca00bb4dc8f7d3",
        "version" : "3.119.0"
      }
    },
    {
      "identity" : "player-ios-core",
      "kind" : "remoteSourceControl",
      "location" : "https://github.com/bitmovin/player-ios-core.git",
      "state" : {
        "revision" : "1602e49c0b2d47ee19f9539397a135b290d3ebc5",
        "version" : "3.119.0"
      }
    },
    {
      "identity" : "player-ios-testing-framework",
      "kind" : "remoteSourceControl",
      "location" : "https://github.com/bitmovin/player-ios-testing-framework",
      "state" : {
        "revision" : "1e355181534a15b3207bc34376f67335c73010e9",
        "version" : "2.5.0"
      }
    },
    {
      "identity" : "swift-package-manager-google-interactive-media-ads-ios",
      "kind" : "remoteSourceControl",
      "location" : "https://github.com/googleads/swift-package-manager-google-interactive-media-ads-ios",
      "state" : {
        "revision" : "3ab3dee61922cf4e024b9086f324f0737bc73339",
        "version" : "3.31.0"
      }
    },
    {
      "identity" : "swift-package-manager-google-interactive-media-ads-tvos",
      "kind" : "remoteSourceControl",
      "location" : "https://github.com/googleads/swift-package-manager-google-interactive-media-ads-tvos",
      "state" : {
        "revision" : "fe5a302eb17388077258b02e2a18e88f63100625",
        "version" : "4.16.0"
      }
    }
  ],
  "version" : 3
}
